
Microsoft Visual Studio Solution File, Format Version 12.00
# Visual Studio Version 16
VisualStudioVersion = 16.0.29926.136
MinimumVisualStudioVersion = 10.0.40219.1
Project("{9A19103F-16F7-4668-BE54-9A1E7A4F7556}") = "ConControls", "ConControls\ConControls.csproj", "{7C62650C-7394-4D27-9985-1F78228C15E7}"
	ProjectSection(ProjectDependencies) = postProject
		{560456EF-8720-42B0-84AD-53082543A837} = {560456EF-8720-42B0-84AD-53082543A837}
	EndProjectSection
EndProject
Project("{2150E333-8FDC-42A3-9474-1A3956D46DE8}") = "Solution Items", "Solution Items", "{D32F1085-1C4C-4A39-BF6B-ABB0313ED6F3}"
	ProjectSection(SolutionItems) = preProject
		.editorconfig = .editorconfig
		..\.gitignore = ..\.gitignore
		..\LICENSE.md = ..\LICENSE.md
		..\README.md = ..\README.md
	EndProjectSection
EndProject
Project("{FAE04EC0-301F-11D3-BF4B-00C04F79EFBC}") = "ConControlsTests", "ConControlsTests\ConControlsTests.csproj", "{5920A0BB-2D33-453D-91D1-B01870F7F1A7}"
EndProject
Project("{2150E333-8FDC-42A3-9474-1A3956D46DE8}") = "docs", "docs", "{DD210605-D2E4-4A9F-9B78-FA6E77663A96}"
	ProjectSection(SolutionItems) = preProject
		..\docs\001 Intro.md = ..\docs\001 Intro.md
		..\docs\ReleaseNotes.md = ..\docs\ReleaseNotes.md
	EndProjectSection
EndProject
Project("{7CF6DF6D-3B04-46F8-A40B-537D21BCA0B4}") = "ConControlsDocs", "ConControlsDocs\ConControlsDocs.shfbproj", "{22A4E861-6769-4E69-AF53-1807FC280C6E}"
	ProjectSection(ProjectDependencies) = postProject
		{7C62650C-7394-4D27-9985-1F78228C15E7} = {7C62650C-7394-4D27-9985-1F78228C15E7}
	EndProjectSection
EndProject
Project("{9A19103F-16F7-4668-BE54-9A1E7A4F7556}") = "ConControlsAnalyzer", "ConControlsAnalyzer\ConControlsAnalyzer.csproj", "{560456EF-8720-42B0-84AD-53082543A837}"
EndProject
Project("{9A19103F-16F7-4668-BE54-9A1E7A4F7556}") = "ConControlsAnalyzer.Test", "ConControlsAnalyzer.Test\ConControlsAnalyzer.Test.csproj", "{FB3821C4-6C80-4765-ADEF-737F39952B44}"
EndProject
Project("{FAE04EC0-301F-11D3-BF4B-00C04F79EFBC}") = "ConControlsAnalyzer.Vsix", "ConControlsAnalyzer.Vsix\ConControlsAnalyzer.Vsix.csproj", "{8202C1F6-98B4-49BA-8688-FC4AF7614869}"
EndProject
Project("{FAE04EC0-301F-11D3-BF4B-00C04F79EFBC}") = "ConControlsExamples", "ConControlsExamples\ConControlsExamples.csproj", "{F3EEF58B-DEB7-4F6A-ACDB-6D368D968717}"
EndProject
Global
	GlobalSection(SolutionConfigurationPlatforms) = preSolution
		Debug|Any CPU = Debug|Any CPU
		Release|Any CPU = Release|Any CPU
	EndGlobalSection
	GlobalSection(ProjectConfigurationPlatforms) = postSolution
		{7C62650C-7394-4D27-9985-1F78228C15E7}.Debug|Any CPU.ActiveCfg = Debug|Any CPU
		{7C62650C-7394-4D27-9985-1F78228C15E7}.Debug|Any CPU.Build.0 = Debug|Any CPU
		{7C62650C-7394-4D27-9985-1F78228C15E7}.Release|Any CPU.ActiveCfg = Release|Any CPU
		{7C62650C-7394-4D27-9985-1F78228C15E7}.Release|Any CPU.Build.0 = Release|Any CPU
		{5920A0BB-2D33-453D-91D1-B01870F7F1A7}.Debug|Any CPU.ActiveCfg = Debug|Any CPU
		{5920A0BB-2D33-453D-91D1-B01870F7F1A7}.Debug|Any CPU.Build.0 = Debug|Any CPU
		{5920A0BB-2D33-453D-91D1-B01870F7F1A7}.Release|Any CPU.ActiveCfg = Release|Any CPU
		{5920A0BB-2D33-453D-91D1-B01870F7F1A7}.Release|Any CPU.Build.0 = Release|Any CPU
		{22A4E861-6769-4E69-AF53-1807FC280C6E}.Debug|Any CPU.ActiveCfg = Debug|Any CPU
		{22A4E861-6769-4E69-AF53-1807FC280C6E}.Release|Any CPU.ActiveCfg = Release|Any CPU
		{22A4E861-6769-4E69-AF53-1807FC280C6E}.Release|Any CPU.Build.0 = Release|Any CPU
		{560456EF-8720-42B0-84AD-53082543A837}.Debug|Any CPU.ActiveCfg = Debug|Any CPU
		{560456EF-8720-42B0-84AD-53082543A837}.Debug|Any CPU.Build.0 = Debug|Any CPU
		{560456EF-8720-42B0-84AD-53082543A837}.Release|Any CPU.ActiveCfg = Release|Any CPU
		{560456EF-8720-42B0-84AD-53082543A837}.Release|Any CPU.Build.0 = Release|Any CPU
		{FB3821C4-6C80-4765-ADEF-737F39952B44}.Debug|Any CPU.ActiveCfg = Debug|Any CPU
		{FB3821C4-6C80-4765-ADEF-737F39952B44}.Debug|Any CPU.Build.0 = Debug|Any CPU
		{FB3821C4-6C80-4765-ADEF-737F39952B44}.Release|Any CPU.ActiveCfg = Release|Any CPU
		{FB3821C4-6C80-4765-ADEF-737F39952B44}.Release|Any CPU.Build.0 = Release|Any CPU
		{8202C1F6-98B4-49BA-8688-FC4AF7614869}.Debug|Any CPU.ActiveCfg = Debug|Any CPU
		{8202C1F6-98B4-49BA-8688-FC4AF7614869}.Debug|Any CPU.Build.0 = Debug|Any CPU
		{8202C1F6-98B4-49BA-8688-FC4AF7614869}.Release|Any CPU.ActiveCfg = Release|Any CPU
		{8202C1F6-98B4-49BA-8688-FC4AF7614869}.Release|Any CPU.Build.0 = Release|Any CPU
		{F3EEF58B-DEB7-4F6A-ACDB-6D368D968717}.Debug|Any CPU.ActiveCfg = Debug|Any CPU
		{F3EEF58B-DEB7-4F6A-ACDB-6D368D968717}.Debug|Any CPU.Build.0 = Debug|Any CPU
		{F3EEF58B-DEB7-4F6A-ACDB-6D368D968717}.Release|Any CPU.ActiveCfg = Release|Any CPU
		{F3EEF58B-DEB7-4F6A-ACDB-6D368D968717}.Release|Any CPU.Build.0 = Release|Any CPU
	EndGlobalSection
	GlobalSection(SolutionProperties) = preSolution
		HideSolutionNode = FALSE
	EndGlobalSection
	GlobalSection(ExtensibilityGlobals) = postSolution
		SolutionGuid = {4B6F4ECC-6094-48C6-92C4-F5D6DC40D26D}
	EndGlobalSection
EndGlobal
