
Microsoft Visual Studio Solution File, Format Version 12.00
# Visual Studio Version 16
VisualStudioVersion = 16.0.29926.136
MinimumVisualStudioVersion = 10.0.40219.1
Project("{9A19103F-16F7-4668-BE54-9A1E7A4F7556}") = "ConControls", "ConControls\ConControls.csproj", "{7C62650C-7394-4D27-9985-1F78228C15E7}"
EndProject
Project("{2150E333-8FDC-42A3-9474-1A3956D46DE8}") = "Solution Items", "Solution Items", "{D32F1085-1C4C-4A39-BF6B-ABB0313ED6F3}"
	ProjectSection(SolutionItems) = preProject
		.editorconfig = .editorconfig
		..\.gitignore = ..\.gitignore
		..\LICENSE.md = ..\LICENSE.md
		..\README.md = ..\README.md
		..\ReleaseNotes.md = ..\ReleaseNotes.md
	EndProjectSection
EndProject
Project("{FAE04EC0-301F-11D3-BF4B-00C04F79EFBC}") = "ConControlsTests", "ConControlsTests\ConControlsTests.csproj", "{5920A0BB-2D33-453D-91D1-B01870F7F1A7}"
EndProject
Project("{2150E333-8FDC-42A3-9474-1A3956D46DE8}") = "docs", "docs", "{DD210605-D2E4-4A9F-9B78-FA6E77663A96}"
	ProjectSection(SolutionItems) = preProject
		..\docs\001 Intro.md = ..\docs\001 Intro.md
	EndProjectSection
EndProject
Global
	GlobalSection(SolutionConfigurationPlatforms) = preSolution
		Debug|Any CPU = Debug|Any CPU
		Release|Any CPU = Release|Any CPU
	EndGlobalSection
	GlobalSection(ProjectConfigurationPlatforms) = postSolution
		{7C62650C-7394-4D27-9985-1F78228C15E7}.Debug|Any CPU.ActiveCfg = Debug|Any CPU
		{7C62650C-7394-4D27-9985-1F78228C15E7}.Debug|Any CPU.Build.0 = Debug|Any CPU
		{7C62650C-7394-4D27-9985-1F78228C15E7}.Release|Any CPU.ActiveCfg = Release|Any CPU
		{7C62650C-7394-4D27-9985-1F78228C15E7}.Release|Any CPU.Build.0 = Release|Any CPU
		{5920A0BB-2D33-453D-91D1-B01870F7F1A7}.Debug|Any CPU.ActiveCfg = Debug|Any CPU
		{5920A0BB-2D33-453D-91D1-B01870F7F1A7}.Debug|Any CPU.Build.0 = Debug|Any CPU
		{5920A0BB-2D33-453D-91D1-B01870F7F1A7}.Release|Any CPU.ActiveCfg = Release|Any CPU
		{5920A0BB-2D33-453D-91D1-B01870F7F1A7}.Release|Any CPU.Build.0 = Release|Any CPU
	EndGlobalSection
	GlobalSection(SolutionProperties) = preSolution
		HideSolutionNode = FALSE
	EndGlobalSection
	GlobalSection(ExtensibilityGlobals) = postSolution
		SolutionGuid = {4B6F4ECC-6094-48C6-92C4-F5D6DC40D26D}
	EndGlobalSection
EndGlobal
